
Microsoft Visual Studio Solution File, Format Version 12.00
# Visual Studio 15
VisualStudioVersion = 15.0.27004.2009
MinimumVisualStudioVersion = 10.0.40219.1
Project("{9A19103F-16F7-4668-BE54-9A1E7A4F7556}") = "RBush", "RBush\RBush.csproj", "{24061D07-5EFA-4D72-9617-0C6671280FDF}"
EndProject
Project("{2150E333-8FDC-42A3-9474-1A3956D46DE8}") = "Solution Items", "Solution Items", "{6EA781FE-7457-4266-93E4-6C2751DCB4CF}"
	ProjectSection(SolutionItems) = preProject
		.editorconfig = .editorconfig
		appveyor.yml = appveyor.yml
		Module.psm1 = Module.psm1
		RBush.Common.Props = RBush.Common.Props
		README.md = README.md
	EndProjectSection
EndProject
Project("{9A19103F-16F7-4668-BE54-9A1E7A4F7556}") = "RBush.Test", "RBush.Test\RBush.Test.csproj", "{C2CDDC6C-046F-44C1-86F5-9FA742133895}"
EndProject
Project("{FAE04EC0-301F-11D3-BF4B-00C04F79EFBC}") = "KnnUtility", "KnnUtility\KnnUtility.csproj", "{696B8E4B-4E8D-4959-9947-957B64FD796C}"
EndProject
Project("{FAE04EC0-301F-11D3-BF4B-00C04F79EFBC}") = "KnnUtility.Test", "KnnUtility.Test\KnnUtility.Test.csproj", "{C32F7DBD-1A2D-4C37-A6A0-75BC74227837}"
EndProject
Global
	GlobalSection(SolutionConfigurationPlatforms) = preSolution
		Debug|Any CPU = Debug|Any CPU
		Release|Any CPU = Release|Any CPU
	EndGlobalSection
	GlobalSection(ProjectConfigurationPlatforms) = postSolution
		{24061D07-5EFA-4D72-9617-0C6671280FDF}.Debug|Any CPU.ActiveCfg = Debug|Any CPU
		{24061D07-5EFA-4D72-9617-0C6671280FDF}.Debug|Any CPU.Build.0 = Debug|Any CPU
		{24061D07-5EFA-4D72-9617-0C6671280FDF}.Release|Any CPU.ActiveCfg = Release|Any CPU
		{24061D07-5EFA-4D72-9617-0C6671280FDF}.Release|Any CPU.Build.0 = Release|Any CPU
		{C2CDDC6C-046F-44C1-86F5-9FA742133895}.Debug|Any CPU.ActiveCfg = Debug|Any CPU
		{C2CDDC6C-046F-44C1-86F5-9FA742133895}.Debug|Any CPU.Build.0 = Debug|Any CPU
		{C2CDDC6C-046F-44C1-86F5-9FA742133895}.Release|Any CPU.ActiveCfg = Release|Any CPU
		{C2CDDC6C-046F-44C1-86F5-9FA742133895}.Release|Any CPU.Build.0 = Release|Any CPU
		{696B8E4B-4E8D-4959-9947-957B64FD796C}.Debug|Any CPU.ActiveCfg = Debug|Any CPU
		{696B8E4B-4E8D-4959-9947-957B64FD796C}.Debug|Any CPU.Build.0 = Debug|Any CPU
		{696B8E4B-4E8D-4959-9947-957B64FD796C}.Release|Any CPU.ActiveCfg = Release|Any CPU
		{696B8E4B-4E8D-4959-9947-957B64FD796C}.Release|Any CPU.Build.0 = Release|Any CPU
		{C32F7DBD-1A2D-4C37-A6A0-75BC74227837}.Debug|Any CPU.ActiveCfg = Debug|Any CPU
		{C32F7DBD-1A2D-4C37-A6A0-75BC74227837}.Debug|Any CPU.Build.0 = Debug|Any CPU
		{C32F7DBD-1A2D-4C37-A6A0-75BC74227837}.Release|Any CPU.ActiveCfg = Release|Any CPU
		{C32F7DBD-1A2D-4C37-A6A0-75BC74227837}.Release|Any CPU.Build.0 = Release|Any CPU
	EndGlobalSection
	GlobalSection(SolutionProperties) = preSolution
		HideSolutionNode = FALSE
	EndGlobalSection
	GlobalSection(ExtensibilityGlobals) = postSolution
		SolutionGuid = {94682DB2-A4CF-4B98-AA57-EBF3038CCD97}
	EndGlobalSection
EndGlobal
