
Microsoft Visual Studio Solution File, Format Version 12.00
# Visual Studio 15
VisualStudioVersion = 15.0.26430.15
MinimumVisualStudioVersion = 10.0.40219.1
Project("{9A19103F-16F7-4668-BE54-9A1E7A4F7556}") = "RBush", "RBush\RBush.csproj", "{24061D07-5EFA-4D72-9617-0C6671280FDF}"
EndProject
Project("{FAE04EC0-301F-11D3-BF4B-00C04F79EFBC}") = "RBush.Test", "RBush.Test\RBush.Test.csproj", "{3147FD81-3D97-45DB-A8C8-9419FEB0C5C4}"
EndProject
Global
	GlobalSection(SolutionConfigurationPlatforms) = preSolution
		Debug|Any CPU = Debug|Any CPU
		Release|Any CPU = Release|Any CPU
	EndGlobalSection
	GlobalSection(ProjectConfigurationPlatforms) = postSolution
		{24061D07-5EFA-4D72-9617-0C6671280FDF}.Debug|Any CPU.ActiveCfg = Debug|Any CPU
		{24061D07-5EFA-4D72-9617-0C6671280FDF}.Debug|Any CPU.Build.0 = Debug|Any CPU
		{24061D07-5EFA-4D72-9617-0C6671280FDF}.Release|Any CPU.ActiveCfg = Release|Any CPU
		{24061D07-5EFA-4D72-9617-0C6671280FDF}.Release|Any CPU.Build.0 = Release|Any CPU
		{3147FD81-3D97-45DB-A8C8-9419FEB0C5C4}.Debug|Any CPU.ActiveCfg = Debug|Any CPU
		{3147FD81-3D97-45DB-A8C8-9419FEB0C5C4}.Debug|Any CPU.Build.0 = Debug|Any CPU
		{3147FD81-3D97-45DB-A8C8-9419FEB0C5C4}.Release|Any CPU.ActiveCfg = Release|Any CPU
		{3147FD81-3D97-45DB-A8C8-9419FEB0C5C4}.Release|Any CPU.Build.0 = Release|Any CPU
	EndGlobalSection
	GlobalSection(SolutionProperties) = preSolution
		HideSolutionNode = FALSE
	EndGlobalSection
EndGlobal
